{
  "nodes": {
    "gen-prelude": {
      "locked": {
        "lastModified": 1787968200,
        "narHash": "sha256-XwmviXKCL7ipCmWqsOSWdpiJR+0v4ZpLS1AccBmo5Oo=",
        "owner": "sini",
        "repo": "gen-prelude",
        "rev": "a05779bfec555e78a0ccd6a8896dfb82036b08cb",
        "type": "github"
      },
      "original": {
        "owner": "sini",
        "repo": "gen-prelude",
        "type": "github"
      }
    },
    "root": {
      "inputs": {
        "gen-prelude": "gen-prelude"
      }
    }
  },
  "root": "root",
  "version": 7
}
